{
  "nodes": {
    "erdfa-dasl": {
      "flake": false,
      "locked": {
        "lastModified": 1779718144,
        "narHash": "sha256-TQnx6bIn30unw1RDrQXvtWkgQGJ5lGcJ6RvP2miGdeI=",
        "ref": "refs/heads/main",
        "rev": "1aa2574e94b0869b1f4c4592e89f9bca9cb1a95e",
        "revCount": 1,
        "type": "git",
        "url": "file:///home/mdupont/git/github.com/meta-introspector/erdfa-dasl.git"
      },
      "original": {
        "type": "git",
        "url": "file:///home/mdupont/git/github.com/meta-introspector/erdfa-dasl.git"
      }
    },
    "nixpkgs": {
      "locked": {
        "lastModified": 1779508470,
        "narHash": "sha256-Ap9KJX+5xHIn3bPIpfNgT6MEXdAECECwo4/rmlQD74M=",
        "owner": "NixOS",
        "repo": "nixpkgs",
        "rev": "29916453413845e54a65b8a1cf996842300cd299",
        "type": "github"
      },
      "original": {
        "owner": "NixOS",
        "ref": "nixos-unstable",
        "repo": "nixpkgs",
        "type": "github"
      }
    },
    "root": {
      "inputs": {
        "erdfa-dasl": "erdfa-dasl",
        "nixpkgs": "nixpkgs",
        "zkperf": "zkperf"
      }
    },
    "zkperf": {
      "flake": false,
      "locked": {
        "lastModified": 1774878182,
        "narHash": "sha256-O5teiChAvAi/sQpNfXF1ZhOrwUIaDtVHnvSePX2KpSU=",
        "ref": "refs/heads/main",
        "rev": "3fd16a1e1e31665987171b871e4beeab0da7645a",
        "revCount": 49,
        "type": "git",
        "url": "file:///home/mdupont/git/github.com/meta-introspector/zkperf.git"
      },
      "original": {
        "type": "git",
        "url": "file:///home/mdupont/git/github.com/meta-introspector/zkperf.git"
      }
    }
  },
  "root": "root",
  "version": 7
}
